
Microsoft Visual Studio Solution File, Format Version 12.00
# Visual Studio Express 2013 for Windows Desktop
VisualStudioVersion = 12.0.31101.0
MinimumVisualStudioVersion = 10.0.40219.1
Project("{FAE04EC0-301F-11D3-BF4B-00C04F79EFBC}") = "Clicker", "Clicker\Clicker.csproj", "{DB36C143-D120-453A-81CA-5645BEC6724D}"
EndProject
Global
	GlobalSection(SolutionConfigurationPlatforms) = preSolution
		Debug|Any CPU = Debug|Any CPU
		Release|Any CPU = Release|Any CPU
	EndGlobalSection
	GlobalSection(ProjectConfigurationPlatforms) = postSolution
		{DB36C143-D120-453A-81CA-5645BEC6724D}.Debug|Any CPU.ActiveCfg = Debug|Any CPU
		{DB36C143-D120-453A-81CA-5645BEC6724D}.Debug|Any CPU.Build.0 = Debug|Any CPU
		{DB36C143-D120-453A-81CA-5645BEC6724D}.Release|Any CPU.ActiveCfg = Release|Any CPU
		{DB36C143-D120-453A-81CA-5645BEC6724D}.Release|Any CPU.Build.0 = Release|Any CPU
	EndGlobalSection
	GlobalSection(SolutionProperties) = preSolution
		HideSolutionNode = FALSE
	EndGlobalSection
EndGlobal
